// !$*UTF8*$!
{
	archiveVersion = 1;
	classes = {
	};
	objectVersion = 50;
	objects = {

/* Begin PBXBuildFile section */
		4C20E87BBAC1A207F85046E6 /* Pods_todayTests.framework in Frameworks */ = {isa = PBXBuildFile; fileRef = 15DA2A7ECCF15EE9F9DD5D6B /* Pods_todayTests.framework */; };
		8DC4DADFC5FD4F83A0E2223A /* Pods_today.framework in Frameworks */ = {isa = PBXBuildFile; fileRef = B8B91FBD0FDF0CB29F763B67 /* Pods_today.framework */; };
		CE1FE914215361ED0038F8DD /* AppDelegate.swift in Sources */ = {isa = PBXBuildFile; fileRef = CE1FE913215361ED0038F8DD /* AppDelegate.swift */; };
		CE1FE916215361ED0038F8DD /* ViewController.swift in Sources */ = {isa = PBXBuildFile; fileRef = CE1FE915215361ED0038F8DD /* ViewController.swift */; };
		CE1FE919215361ED0038F8DD /* Main.storyboard in Resources */ = {isa = PBXBuildFile; fileRef = CE1FE917215361ED0038F8DD /* Main.storyboard */; };
		CE1FE91B215361F10038F8DD /* Assets.xcassets in Resources */ = {isa = PBXBuildFile; fileRef = CE1FE91A215361F10038F8DD /* Assets.xcassets */; };
		CE1FE91E215361F10038F8DD /* LaunchScreen.storyboard in Resources */ = {isa = PBXBuildFile; fileRef = CE1FE91C215361F10038F8DD /* LaunchScreen.storyboard */; };
		CE1FE929215361F10038F8DD /* todayTests.swift in Sources */ = {isa = PBXBuildFile; fileRef = CE1FE928215361F10038F8DD /* todayTests.swift */; };
/* End PBXBuildFile section */

/* Begin PBXContainerItemProxy section */
		CE1FE925215361F10038F8DD /* PBXContainerItemProxy */ = {
			isa = PBXContainerItemProxy;
			containerPortal = CE1FE908215361ED0038F8DD /* Project object */;
			proxyType = 1;
			remoteGlobalIDString = CE1FE90F215361ED0038F8DD;
			remoteInfo = today;
		};
/* End PBXContainerItemProxy section */

/* Begin PBXFileReference section */
		15DA2A7ECCF15EE9F9DD5D6B /* Pods_todayTests.framework */ = {isa = PBXFileReference; explicitFileType = wrapper.framework; includeInIndex = 0; path = Pods_todayTests.framework; sourceTree = BUILT_PRODUCTS_DIR; };
		411A9D900CF5B0B397455D67 /* Pods-todayTests.debug.xcconfig */ = {isa = PBXFileReference; includeInIndex = 1; lastKnownFileType = text.xcconfig; name = "Pods-todayTests.debug.xcconfig"; path = "Pods/Target Support Files/Pods-todayTests/Pods-todayTests.debug.xcconfig"; sourceTree = "<group>"; };
		77CE5F8CA42203EB4259F03C /* Pods-today.release.xcconfig */ = {isa = PBXFileReference; includeInIndex = 1; lastKnownFileType = text.xcconfig; name = "Pods-today.release.xcconfig"; path = "Pods/Target Support Files/Pods-today/Pods-today.release.xcconfig"; sourceTree = "<group>"; };
		B8B91FBD0FDF0CB29F763B67 /* Pods_today.framework */ = {isa = PBXFileReference; explicitFileType = wrapper.framework; includeInIndex = 0; path = Pods_today.framework; sourceTree = BUILT_PRODUCTS_DIR; };
		CE1FE910215361ED0038F8DD /* today.app */ = {isa = PBXFileReference; explicitFileType = wrapper.application; includeInIndex = 0; path = today.app; sourceTree = BUILT_PRODUCTS_DIR; };
		CE1FE913215361ED0038F8DD /* AppDelegate.swift */ = {isa = PBXFileReference; lastKnownFileType = sourcecode.swift; path = AppDelegate.swift; sourceTree = "<group>"; };
		CE1FE915215361ED0038F8DD /* ViewController.swift */ = {isa = PBXFileReference; lastKnownFileType = sourcecode.swift; path = ViewController.swift; sourceTree = "<group>"; };
		CE1FE918215361ED0038F8DD /* Base */ = {isa = PBXFileReference; lastKnownFileType = file.storyboard; name = Base; path = Base.lproj/Main.storyboard; sourceTree = "<group>"; };
		CE1FE91A215361F10038F8DD /* Assets.xcassets */ = {isa = PBXFileReference; lastKnownFileType = folder.assetcatalog; path = Assets.xcassets; sourceTree = "<group>"; };
		CE1FE91D215361F10038F8DD /* Base */ = {isa = PBXFileReference; lastKnownFileType = file.storyboard; name = Base; path = Base.lproj/LaunchScreen.storyboard; sourceTree = "<group>"; };
		CE1FE91F215361F10038F8DD /* Info.plist */ = {isa = PBXFileReference; lastKnownFileType = text.plist.xml; path = Info.plist; sourceTree = "<group>"; };
		CE1FE924215361F10038F8DD /* todayTests.xctest */ = {isa = PBXFileReference; explicitFileType = wrapper.cfbundle; includeInIndex = 0; path = todayTests.xctest; sourceTree = BUILT_PRODUCTS_DIR; };
		CE1FE928215361F10038F8DD /* todayTests.swift */ = {isa = PBXFileReference; lastKnownFileType = sourcecode.swift; path = todayTests.swift; sourceTree = "<group>"; };
		CE1FE92A215361F10038F8DD /* Info.plist */ = {isa = PBXFileReference; lastKnownFileType = text.plist.xml; path = Info.plist; sourceTree = "<group>"; };
		EA996279B786FF3AD7E5D72F /* Pods-todayTests.release.xcconfig */ = {isa = PBXFileReference; includeInIndex = 1; lastKnownFileType = text.xcconfig; name = "Pods-todayTests.release.xcconfig"; path = "Pods/Target Support Files/Pods-todayTests/Pods-todayTests.release.xcconfig"; sourceTree = "<group>"; };
		F7DBF5F0BB2E249D12171ABA /* Pods-today.debug.xcconfig */ = {isa = PBXFileReference; includeInIndex = 1; lastKnownFileType = text.xcconfig; name = "Pods-today.debug.xcconfig"; path = "Pods/Target Support Files/Pods-today/Pods-today.debug.xcconfig"; sourceTree = "<group>"; };
/* End PBXFileReference section */

/* Begin PBXFrameworksBuildPhase section */
		CE1FE90D215361ED0038F8DD /* Frameworks */ = {
			isa = PBXFrameworksBuildPhase;
			buildActionMask = 2147483647;
			files = (
				8DC4DADFC5FD4F83A0E2223A /* Pods_today.framework in Frameworks */,
			);
			runOnlyForDeploymentPostprocessing = 0;
		};
		CE1FE921215361F10038F8DD /* Frameworks */ = {
			isa = PBXFrameworksBuildPhase;
			buildActionMask = 2147483647;
			files = (
				4C20E87BBAC1A207F85046E6 /* Pods_todayTests.framework in Frameworks */,
			);
			runOnlyForDeploymentPostprocessing = 0;
		};
/* End PBXFrameworksBuildPhase section */

/* Begin PBXGroup section */
		46BAD9153237049438AB50DD /* Pods */ = {
			isa = PBXGroup;
			children = (
				F7DBF5F0BB2E249D12171ABA /* Pods-today.debug.xcconfig */,
				77CE5F8CA42203EB4259F03C /* Pods-today.release.xcconfig */,
				411A9D900CF5B0B397455D67 /* Pods-todayTests.debug.xcconfig */,
				EA996279B786FF3AD7E5D72F /* Pods-todayTests.release.xcconfig */,
			);
			name = Pods;
			sourceTree = "<group>";
		};
		7E9FD5CE8E4680111F88742D /* Frameworks */ = {
			isa = PBXGroup;
			children = (
				B8B91FBD0FDF0CB29F763B67 /* Pods_today.framework */,
				15DA2A7ECCF15EE9F9DD5D6B /* Pods_todayTests.framework */,
			);
			name = Frameworks;
			sourceTree = "<group>";
		};
		CE1FE907215361ED0038F8DD = {
			isa = PBXGroup;
			children = (
				CE1FE912215361ED0038F8DD /* today */,
				CE1FE927215361F10038F8DD /* todayTests */,
				CE1FE911215361ED0038F8DD /* Products */,
				46BAD9153237049438AB50DD /* Pods */,
				7E9FD5CE8E4680111F88742D /* Frameworks */,
			);
			sourceTree = "<group>";
		};
		CE1FE911215361ED0038F8DD /* Products */ = {
			isa = PBXGroup;
			children = (
				CE1FE910215361ED0038F8DD /* today.app */,
				CE1FE924215361F10038F8DD /* todayTests.xctest */,
			);
			name = Products;
			sourceTree = "<group>";
		};
		CE1FE912215361ED0038F8DD /* today */ = {
			isa = PBXGroup;
			children = (
				CE1FE913215361ED0038F8DD /* AppDelegate.swift */,
				CE1FE915215361ED0038F8DD /* ViewController.swift */,
				CE1FE917215361ED0038F8DD /* Main.storyboard */,
				CE1FE91A215361F10038F8DD /* Assets.xcassets */,
				CE1FE91C215361F10038F8DD /* LaunchScreen.storyboard */,
				CE1FE91F215361F10038F8DD /* Info.plist */,
			);
			path = today;
			sourceTree = "<group>";
		};
		CE1FE927215361F10038F8DD /* todayTests */ = {
			isa = PBXGroup;
			children = (
				CE1FE928215361F10038F8DD /* todayTests.swift */,
				CE1FE92A215361F10038F8DD /* Info.plist */,
			);
			path = todayTests;
			sourceTree = "<group>";
		};
/* End PBXGroup section */

/* Begin PBXNativeTarget section */
		CE1FE90F215361ED0038F8DD /* today */ = {
			isa = PBXNativeTarget;
			buildConfigurationList = CE1FE92D215361F10038F8DD /* Build configuration list for PBXNativeTarget "today" */;
			buildPhases = (
				C5464F7273BBBC1129C3EF19 /* [CP] Check Pods Manifest.lock */,
				CE1FE90C215361ED0038F8DD /* Sources */,
				CE1FE90D215361ED0038F8DD /* Frameworks */,
				CE1FE90E215361ED0038F8DD /* Resources */,
				E1C2E7F3E74F62F2FE091869 /* [CP] Embed Pods Frameworks */,
			);
			buildRules = (
			);
			dependencies = (
			);
			name = today;
			productName = today;
			productReference = CE1FE910215361ED0038F8DD /* today.app */;
			productType = "com.apple.product-type.application";
		};
		CE1FE923215361F10038F8DD /* todayTests */ = {
			isa = PBXNativeTarget;
			buildConfigurationList = CE1FE930215361F10038F8DD /* Build configuration list for PBXNativeTarget "todayTests" */;
			buildPhases = (
				8AF12B6457A0D5D02379FDF7 /* [CP] Check Pods Manifest.lock */,
				CE1FE920215361F10038F8DD /* Sources */,
				CE1FE921215361F10038F8DD /* Frameworks */,
				CE1FE922215361F10038F8DD /* Resources */,
			);
			buildRules = (
			);
			dependencies = (
				CE1FE926215361F10038F8DD /* PBXTargetDependency */,
			);
			name = todayTests;
			productName = todayTests;
			productReference = CE1FE924215361F10038F8DD /* todayTests.xctest */;
			productType = "com.apple.product-type.bundle.unit-test";
		};
/* End PBXNativeTarget section */

/* Begin PBXProject section */
		CE1FE908215361ED0038F8DD /* Project object */ = {
			isa = PBXProject;
			attributes = {
				LastSwiftUpdateCheck = 0940;
				LastUpgradeCheck = 0940;
				ORGANIZATIONNAME = Contus;
				TargetAttributes = {
					CE1FE90F215361ED0038F8DD = {
						CreatedOnToolsVersion = 9.4;
					};
					CE1FE923215361F10038F8DD = {
						CreatedOnToolsVersion = 9.4;
						TestTargetID = CE1FE90F215361ED0038F8DD;
					};
				};
			};
			buildConfigurationList = CE1FE90B215361ED0038F8DD /* Build configuration list for PBXProject "today" */;
			compatibilityVersion = "Xcode 9.3";
			developmentRegion = en;
			hasScannedForEncodings = 0;
			knownRegions = (
				en,
				Base,
			);
			mainGroup = CE1FE907215361ED0038F8DD;
			productRefGroup = CE1FE911215361ED0038F8DD /* Products */;
			projectDirPath = "";
			projectRoot = "";
			targets = (
				CE1FE90F215361ED0038F8DD /* today */,
				CE1FE923215361F10038F8DD /* todayTests */,
			);
		};
/* End PBXProject section */

/* Begin PBXResourcesBuildPhase section */
		CE1FE90E215361ED0038F8DD /* Resources */ = {
			isa = PBXResourcesBuildPhase;
			buildActionMask = 2147483647;
			files = (
				CE1FE91E215361F10038F8DD /* LaunchScreen.storyboard in Resources */,
				CE1FE91B215361F10038F8DD /* Assets.xcassets in Resources */,
				CE1FE919215361ED0038F8DD /* Main.storyboard in Resources */,
			);
			runOnlyForDeploymentPostprocessing = 0;
		};
		CE1FE922215361F10038F8DD /* Resources */ = {
			isa = PBXResourcesBuildPhase;
			buildActionMask = 2147483647;
			files = (
			);
			runOnlyForDeploymentPostprocessing = 0;
		};
/* End PBXResourcesBuildPhase section */

/* Begin PBXShellScriptBuildPhase section */
		8AF12B6457A0D5D02379FDF7 /* [CP] Check Pods Manifest.lock */ = {
			isa = PBXShellScriptBuildPhase;
			buildActionMask = 2147483647;
			files = (
			);
			inputPaths = (
				"${PODS_PODFILE_DIR_PATH}/Podfile.lock",
				"${PODS_ROOT}/Manifest.lock",
			);
			name = "[CP] Check Pods Manifest.lock";
			outputPaths = (
				"$(DERIVED_FILE_DIR)/Pods-todayTests-checkManifestLockResult.txt",
			);
			runOnlyForDeploymentPostprocessing = 0;
			shellPath = /bin/sh;
			shellScript = "diff \"${PODS_PODFILE_DIR_PATH}/Podfile.lock\" \"${PODS_ROOT}/Manifest.lock\" > /dev/null\nif [ $? != 0 ] ; then\n    # print error to STDERR\n    echo \"error: The sandbox is not in sync with the Podfile.lock. Run 'pod install' or update your CocoaPods installation.\" >&2\n    exit 1\nfi\n# This output is used by Xcode 'outputs' to avoid re-running this script phase.\necho \"SUCCESS\" > \"${SCRIPT_OUTPUT_FILE_0}\"\n";
			showEnvVarsInLog = 0;
		};
		C5464F7273BBBC1129C3EF19 /* [CP] Check Pods Manifest.lock */ = {
			isa = PBXShellScriptBuildPhase;
			buildActionMask = 2147483647;
			files = (
			);
			inputPaths = (
				"${PODS_PODFILE_DIR_PATH}/Podfile.lock",
				"${PODS_ROOT}/Manifest.lock",
			);
			name = "[CP] Check Pods Manifest.lock";
			outputPaths = (
				"$(DERIVED_FILE_DIR)/Pods-today-checkManifestLockResult.txt",
			);
			runOnlyForDeploymentPostprocessing = 0;
			shellPath = /bin/sh;
			shellScript = "diff \"${PODS_PODFILE_DIR_PATH}/Podfile.lock\" \"${PODS_ROOT}/Manifest.lock\" > /dev/null\nif [ $? != 0 ] ; then\n    # print error to STDERR\n    echo \"error: The sandbox is not in sync with the Podfile.lock. Run 'pod install' or update your CocoaPods installation.\" >&2\n    exit 1\nfi\n# This output is used by Xcode 'outputs' to avoid re-running this script phase.\necho \"SUCCESS\" > \"${SCRIPT_OUTPUT_FILE_0}\"\n";
			showEnvVarsInLog = 0;
		};
		E1C2E7F3E74F62F2FE091869 /* [CP] Embed Pods Frameworks */ = {
			isa = PBXShellScriptBuildPhase;
			buildActionMask = 2147483647;
			files = (
			);
			inputPaths = (
				"${SRCROOT}/Pods/Target Support Files/Pods-today/Pods-today-frameworks.sh",
				"${BUILT_PRODUCTS_DIR}/CropViewController/CropViewController.framework",
			);
			name = "[CP] Embed Pods Frameworks";
			outputPaths = (
				"${TARGET_BUILD_DIR}/${FRAMEWORKS_FOLDER_PATH}/CropViewController.framework",
			);
			runOnlyForDeploymentPostprocessing = 0;
			shellPath = /bin/sh;
			shellScript = "\"${SRCROOT}/Pods/Target Support Files/Pods-today/Pods-today-frameworks.sh\"\n";
			showEnvVarsInLog = 0;
		};
/* End PBXShellScriptBuildPhase section */

/* Begin PBXSourcesBuildPhase section */
		CE1FE90C215361ED0038F8DD /* Sources */ = {
			isa = PBXSourcesBuildPhase;
			buildActionMask = 2147483647;
			files = (
				CE1FE916215361ED0038F8DD /* ViewController.swift in Sources */,
				CE1FE914215361ED0038F8DD /* AppDelegate.swift in Sources */,
			);
			runOnlyForDeploymentPostprocessing = 0;
		};
		CE1FE920215361F10038F8DD /* Sources */ = {
			isa = PBXSourcesBuildPhase;
			buildActionMask = 2147483647;
			files = (
				CE1FE929215361F10038F8DD /* todayTests.swift in Sources */,
			);
			runOnlyForDeploymentPostprocessing = 0;
		};
/* End PBXSourcesBuildPhase section */

/* Begin PBXTargetDependency section */
		CE1FE926215361F10038F8DD /* PBXTargetDependency */ = {
			isa = PBXTargetDependency;
			target = CE1FE90F215361ED0038F8DD /* today */;
			targetProxy = CE1FE925215361F10038F8DD /* PBXContainerItemProxy */;
		};
/* End PBXTargetDependency section */

/* Begin PBXVariantGroup section */
		CE1FE917215361ED0038F8DD /* Main.storyboard */ = {
			isa = PBXVariantGroup;
			children = (
				CE1FE918215361ED0038F8DD /* Base */,
			);
			name = Main.storyboard;
			sourceTree = "<group>";
		};
		CE1FE91C215361F10038F8DD /* LaunchScreen.storyboard */ = {
			isa = PBXVariantGroup;
			children = (
				CE1FE91D215361F10038F8DD /* Base */,
			);
			name = LaunchScreen.storyboard;
			sourceTree = "<group>";
		};
/* End PBXVariantGroup section */

/* Begin XCBuildConfiguration section */
		CE1FE92B215361F10038F8DD /* Debug */ = {
			isa = XCBuildConfiguration;
			buildSettings = {
				ALWAYS_SEARCH_USER_PATHS = NO;
				CLANG_ANALYZER_NONNULL = YES;
				CLANG_ANALYZER_NUMBER_OBJECT_CONVERSION = YES_AGGRESSIVE;
				CLANG_CXX_LANGUAGE_STANDARD = "gnu++14";
				CLANG_CXX_LIBRARY = "libc++";
				CLANG_ENABLE_MODULES = YES;
				CLANG_ENABLE_OBJC_ARC = YES;
				CLANG_ENABLE_OBJC_WEAK = YES;
				CLANG_WARN_BLOCK_CAPTURE_AUTORELEASING = YES;
				CLANG_WARN_BOOL_CONVERSION = YES;
				CLANG_WARN_COMMA = YES;
				CLANG_WARN_CONSTANT_CONVERSION = YES;
				CLANG_WARN_DEPRECATED_OBJC_IMPLEMENTATIONS = YES;
				CLANG_WARN_DIRECT_OBJC_ISA_USAGE = YES_ERROR;
				CLANG_WARN_DOCUMENTATION_COMMENTS = YES;
				CLANG_WARN_EMPTY_BODY = YES;
				CLANG_WARN_ENUM_CONVERSION = YES;
				CLANG_WARN_INFINITE_RECURSION = YES;
				CLANG_WARN_INT_CONVERSION = YES;
				CLANG_WARN_NON_LITERAL_NULL_CONVERSION = YES;
				CLANG_WARN_OBJC_IMPLICIT_RETAIN_SELF = YES;
				CLANG_WARN_OBJC_LITERAL_CONVERSION = YES;
				CLANG_WARN_OBJC_ROOT_CLASS = YES_ERROR;
				CLANG_WARN_RANGE_LOOP_ANALYSIS = YES;
				CLANG_WARN_STRICT_PROTOTYPES = YES;
				CLANG_WARN_SUSPICIOUS_MOVE = YES;
				CLANG_WARN_UNGUARDED_AVAILABILITY = YES_AGGRESSIVE;
				CLANG_WARN_UNREACHABLE_CODE = YES;
				CLANG_WARN__DUPLICATE_METHOD_MATCH = YES;
				CODE_SIGN_IDENTITY = "iPhone Developer";
				COPY_PHASE_STRIP = NO;
				DEBUG_INFORMATION_FORMAT = dwarf;
				ENABLE_STRICT_OBJC_MSGSEND = YES;
				ENABLE_TESTABILITY = YES;
				FRAMEWORK_SEARCH_PATHS = "$(SRCROOT)/**";
				GCC_C_LANGUAGE_STANDARD = gnu11;
				GCC_DYNAMIC_NO_PIC = NO;
				GCC_NO_COMMON_BLOCKS = YES;
				GCC_OPTIMIZATION_LEVEL = 0;
				GCC_PREPROCESSOR_DEFINITIONS = (
					"DEBUG=1",
					"$(inherited)",
				);
				GCC_WARN_64_TO_32_BIT_CONVERSION = YES;
				GCC_WARN_ABOUT_RETURN_TYPE = YES_ERROR;
				GCC_WARN_UNDECLARED_SELECTOR = YES;
				GCC_WARN_UNINITIALIZED_AUTOS = YES_AGGRESSIVE;
				GCC_WARN_UNUSED_FUNCTION = YES;
				GCC_WARN_UNUSED_VARIABLE = YES;
				IPHONEOS_DEPLOYMENT_TARGET = 11.4;
				MTL_ENABLE_DEBUG_INFO = YES;
				ONLY_ACTIVE_ARCH = YES;
				SDKROOT = iphoneos;
				SWIFT_ACTIVE_COMPILATION_CONDITIONS = DEBUG;
				SWIFT_OPTIMIZATION_LEVEL = "-Onone";
			};
			name = Debug;
		};
		CE1FE92C215361F10038F8DD /* Release */ = {
			isa = XCBuildConfiguration;
			buildSettings = {
				ALWAYS_SEARCH_USER_PATHS = NO;
				CLANG_ANALYZER_NONNULL = YES;
				CLANG_ANALYZER_NUMBER_OBJECT_CONVERSION = YES_AGGRESSIVE;
				CLANG_CXX_LANGUAGE_STANDARD = "gnu++14";
				CLANG_CXX_LIBRARY = "libc++";
				CLANG_ENABLE_MODULES = YES;
				CLANG_ENABLE_OBJC_ARC = YES;
				CLANG_ENABLE_OBJC_WEAK = YES;
				CLANG_WARN_BLOCK_CAPTURE_AUTORELEASING = YES;
				CLANG_WARN_BOOL_CONVERSION = YES;
				CLANG_WARN_COMMA = YES;
				CLANG_WARN_CONSTANT_CONVERSION = YES;
				CLANG_WARN_DEPRECATED_OBJC_IMPLEMENTATIONS = YES;
				CLANG_WARN_DIRECT_OBJC_ISA_USAGE = YES_ERROR;
				CLANG_WARN_DOCUMENTATION_COMMENTS = YES;
				CLANG_WARN_EMPTY_BODY = YES;
				CLANG_WARN_ENUM_CONVERSION = YES;
				CLANG_WARN_INFINITE_RECURSION = YES;
				CLANG_WARN_INT_CONVERSION = YES;
				CLANG_WARN_NON_LITERAL_NULL_CONVERSION = YES;
				CLANG_WARN_OBJC_IMPLICIT_RETAIN_SELF = YES;
				CLANG_WARN_OBJC_LITERAL_CONVERSION = YES;
				CLANG_WARN_OBJC_ROOT_CLASS = YES_ERROR;
				CLANG_WARN_RANGE_LOOP_ANALYSIS = YES;
				CLANG_WARN_STRICT_PROTOTYPES = YES;
				CLANG_WARN_SUSPICIOUS_MOVE = YES;
				CLANG_WARN_UNGUARDED_AVAILABILITY = YES_AGGRESSIVE;
				CLANG_WARN_UNREACHABLE_CODE = YES;
				CLANG_WARN__DUPLICATE_METHOD_MATCH = YES;
				CODE_SIGN_IDENTITY = "iPhone Developer";
				COPY_PHASE_STRIP = NO;
				DEBUG_INFORMATION_FORMAT = "dwarf-with-dsym";
				ENABLE_NS_ASSERTIONS = NO;
				ENABLE_STRICT_OBJC_MSGSEND = YES;
				FRAMEWORK_SEARCH_PATHS = "$(SRCROOT)/**";
				GCC_C_LANGUAGE_STANDARD = gnu11;
				GCC_NO_COMMON_BLOCKS = YES;
				GCC_WARN_64_TO_32_BIT_CONVERSION = YES;
				GCC_WARN_ABOUT_RETURN_TYPE = YES_ERROR;
				GCC_WARN_UNDECLARED_SELECTOR = YES;
				GCC_WARN_UNINITIALIZED_AUTOS = YES_AGGRESSIVE;
				GCC_WARN_UNUSED_FUNCTION = YES;
				GCC_WARN_UNUSED_VARIABLE = YES;
				IPHONEOS_DEPLOYMENT_TARGET = 11.4;
				MTL_ENABLE_DEBUG_INFO = NO;
				SDKROOT = iphoneos;
				SWIFT_COMPILATION_MODE = wholemodule;
				SWIFT_OPTIMIZATION_LEVEL = "-O";
				VALIDATE_PRODUCT = YES;
			};
			name = Release;
		};
		CE1FE92E215361F10038F8DD /* Debug */ = {
			isa = XCBuildConfiguration;
			baseConfigurationReference = F7DBF5F0BB2E249D12171ABA /* Pods-today.debug.xcconfig */;
			buildSettings = {
				ASSETCATALOG_COMPILER_APPICON_NAME = AppIcon;
				CODE_SIGN_STYLE = Automatic;
				DEVELOPMENT_TEAM = 5357ZT4A3K;
				INFOPLIST_FILE = today/Info.plist;
				IPHONEOS_DEPLOYMENT_TARGET = 10.0;
				LD_RUNPATH_SEARCH_PATHS = (
					"$(inherited)",
					"@executable_path/Frameworks",
				);
				PRODUCT_BUNDLE_IDENTIFIER = com.c.today;
				PRODUCT_NAME = "$(TARGET_NAME)";
				SWIFT_VERSION = 4.0;
				TARGETED_DEVICE_FAMILY = "1,2";
			};
			name = Debug;
		};
		CE1FE92F215361F10038F8DD /* Release */ = {
			isa = XCBuildConfiguration;
			baseConfigurationReference = 77CE5F8CA42203EB4259F03C /* Pods-today.release.xcconfig */;
			buildSettings = {
				ASSETCATALOG_COMPILER_APPICON_NAME = AppIcon;
				CODE_SIGN_STYLE = Automatic;
				DEVELOPMENT_TEAM = 5357ZT4A3K;
				INFOPLIST_FILE = today/Info.plist;
				IPHONEOS_DEPLOYMENT_TARGET = 10.0;
				LD_RUNPATH_SEARCH_PATHS = (
					"$(inherited)",
					"@executable_path/Frameworks",
				);
				PRODUCT_BUNDLE_IDENTIFIER = com.c.today;
				PRODUCT_NAME = "$(TARGET_NAME)";
				SWIFT_VERSION = 4.0;
				TARGETED_DEVICE_FAMILY = "1,2";
			};
			name = Release;
		};
		CE1FE931215361F10038F8DD /* Debug */ = {
			isa = XCBuildConfiguration;
			baseConfigurationReference = 411A9D900CF5B0B397455D67 /* Pods-todayTests.debug.xcconfig */;
			buildSettings = {
				ALWAYS_EMBED_SWIFT_STANDARD_LIBRARIES = YES;
				BUNDLE_LOADER = "$(TEST_HOST)";
				CODE_SIGN_STYLE = Automatic;
				INFOPLIST_FILE = todayTests/Info.plist;
				LD_RUNPATH_SEARCH_PATHS = (
					"$(inherited)",
					"@executable_path/Frameworks",
					"@loader_path/Frameworks",
				);
				PRODUCT_BUNDLE_IDENTIFIER = com.c.todayTests;
				PRODUCT_NAME = "$(TARGET_NAME)";
				SWIFT_VERSION = 4.0;
				TARGETED_DEVICE_FAMILY = "1,2";
				TEST_HOST = "$(BUILT_PRODUCTS_DIR)/today.app/today";
			};
			name = Debug;
		};
		CE1FE932215361F10038F8DD /* Release */ = {
			isa = XCBuildConfiguration;
			baseConfigurationReference = EA996279B786FF3AD7E5D72F /* Pods-todayTests.release.xcconfig */;
			buildSettings = {
				ALWAYS_EMBED_SWIFT_STANDARD_LIBRARIES = YES;
				BUNDLE_LOADER = "$(TEST_HOST)";
				CODE_SIGN_STYLE = Automatic;
				INFOPLIST_FILE = todayTests/Info.plist;
				LD_RUNPATH_SEARCH_PATHS = (
					"$(inherited)",
					"@executable_path/Frameworks",
					"@loader_path/Frameworks",
				);
				PRODUCT_BUNDLE_IDENTIFIER = com.c.todayTests;
				PRODUCT_NAME = "$(TARGET_NAME)";
				SWIFT_VERSION = 4.0;
				TARGETED_DEVICE_FAMILY = "1,2";
				TEST_HOST = "$(BUILT_PRODUCTS_DIR)/today.app/today";
			};
			name = Release;
		};
/* End XCBuildConfiguration section */

/* Begin XCConfigurationList section */
		CE1FE90B215361ED0038F8DD /* Build configuration list for PBXProject "today" */ = {
			isa = XCConfigurationList;
			buildConfigurations = (
				CE1FE92B215361F10038F8DD /* Debug */,
				CE1FE92C215361F10038F8DD /* Release */,
			);
			defaultConfigurationIsVisible = 0;
			defaultConfigurationName = Release;
		};
		CE1FE92D215361F10038F8DD /* Build configuration list for PBXNativeTarget "today" */ = {
			isa = XCConfigurationList;
			buildConfigurations = (
				CE1FE92E215361F10038F8DD /* Debug */,
				CE1FE92F215361F10038F8DD /* Release */,
			);
			defaultConfigurationIsVisible = 0;
			defaultConfigurationName = Release;
		};
		CE1FE930215361F10038F8DD /* Build configuration list for PBXNativeTarget "todayTests" */ = {
			isa = XCConfigurationList;
			buildConfigurations = (
				CE1FE931215361F10038F8DD /* Debug */,
				CE1FE932215361F10038F8DD /* Release */,
			);
			defaultConfigurationIsVisible = 0;
			defaultConfigurationName = Release;
		};
/* End XCConfigurationList section */
	};
	rootObject = CE1FE908215361ED0038F8DD /* Project object */;
}
